
Microsoft Visual Studio Solution File, Format Version 12.00
# Visual Studio 14
VisualStudioVersion = 14.0.25420.1
MinimumVisualStudioVersion = 10.0.40219.1
Project("{FAE04EC0-301F-11D3-BF4B-00C04F79EFBC}") = "EvidencijaRadnogVremena", "EvidencijaRadnogVremena\EvidencijaRadnogVremena.csproj", "{160AF16F-9349-4E1D-B2A3-765B5645FC60}"
EndProject
Project("{FAE04EC0-301F-11D3-BF4B-00C04F79EFBC}") = "EvidencijaRadnogVremenaWebApi", "EvidencijaRadnogVremenaWebApi\EvidencijaRadnogVremenaWebApi.csproj", "{B2ED2793-0505-494F-90C4-86049C0CFC8B}"
EndProject
Global
	GlobalSection(SolutionConfigurationPlatforms) = preSolution
		Debug|Any CPU = Debug|Any CPU
		Release|Any CPU = Release|Any CPU
	EndGlobalSection
	GlobalSection(ProjectConfigurationPlatforms) = postSolution
		{160AF16F-9349-4E1D-B2A3-765B5645FC60}.Debug|Any CPU.ActiveCfg = Debug|Any CPU
		{160AF16F-9349-4E1D-B2A3-765B5645FC60}.Debug|Any CPU.Build.0 = Debug|Any CPU
		{160AF16F-9349-4E1D-B2A3-765B5645FC60}.Release|Any CPU.ActiveCfg = Release|Any CPU
		{160AF16F-9349-4E1D-B2A3-765B5645FC60}.Release|Any CPU.Build.0 = Release|Any CPU
		{B2ED2793-0505-494F-90C4-86049C0CFC8B}.Debug|Any CPU.ActiveCfg = Debug|Any CPU
		{B2ED2793-0505-494F-90C4-86049C0CFC8B}.Debug|Any CPU.Build.0 = Debug|Any CPU
		{B2ED2793-0505-494F-90C4-86049C0CFC8B}.Release|Any CPU.ActiveCfg = Release|Any CPU
		{B2ED2793-0505-494F-90C4-86049C0CFC8B}.Release|Any CPU.Build.0 = Release|Any CPU
	EndGlobalSection
	GlobalSection(SolutionProperties) = preSolution
		HideSolutionNode = FALSE
	EndGlobalSection
EndGlobal
